// !$*UTF8*$!
{
	archiveVersion = 1;
	classes = {
	};
	objectVersion = 56;
	objects = {

/* Begin PBXBuildFile section */
		653D72002BADD3430056AC59 /* SearchViewController.swift in Sources */ = {isa = PBXBuildFile; fileRef = 653D71FF2BADD3430056AC59 /* SearchViewController.swift */; };
		653D72032BAF33300056AC59 /* CategoryResponseModel.swift in Sources */ = {isa = PBXBuildFile; fileRef = 653D72022BAF33300056AC59 /* CategoryResponseModel.swift */; };
		653D72062BAF33CD0056AC59 /* ListViewModel.swift in Sources */ = {isa = PBXBuildFile; fileRef = 653D72052BAF33CD0056AC59 /* ListViewModel.swift */; };
		653D72082BAF33D80056AC59 /* ListViewController.swift in Sources */ = {isa = PBXBuildFile; fileRef = 653D72072BAF33D80056AC59 /* ListViewController.swift */; };
		653D720A2BAF399B0056AC59 /* ListTableViewCell.swift in Sources */ = {isa = PBXBuildFile; fileRef = 653D72092BAF399B0056AC59 /* ListTableViewCell.swift */; };
		653D720C2BB172AC0056AC59 /* SearchModel.swift in Sources */ = {isa = PBXBuildFile; fileRef = 653D720B2BB172AC0056AC59 /* SearchModel.swift */; };
		653D720E2BB172CC0056AC59 /* SearchViewModel.swift in Sources */ = {isa = PBXBuildFile; fileRef = 653D720D2BB172CC0056AC59 /* SearchViewModel.swift */; };
		653D72122BB9FF830056AC59 /* DetailsViewController.swift in Sources */ = {isa = PBXBuildFile; fileRef = 653D72112BB9FF830056AC59 /* DetailsViewController.swift */; };
		653D72142BB9FFA30056AC59 /* DetailsViewModel.swift in Sources */ = {isa = PBXBuildFile; fileRef = 653D72132BB9FFA30056AC59 /* DetailsViewModel.swift */; };
		655DB0DB2BAD93BF00F0701E /* AppDelegate.swift in Sources */ = {isa = PBXBuildFile; fileRef = 655DB0DA2BAD93BF00F0701E /* AppDelegate.swift */; };
		655DB0DD2BAD93BF00F0701E /* SceneDelegate.swift in Sources */ = {isa = PBXBuildFile; fileRef = 655DB0DC2BAD93BF00F0701E /* SceneDelegate.swift */; };
		655DB0E42BAD93C300F0701E /* Assets.xcassets in Resources */ = {isa = PBXBuildFile; fileRef = 655DB0E32BAD93C300F0701E /* Assets.xcassets */; };
		655DB0E72BAD93C300F0701E /* LaunchScreen.storyboard in Resources */ = {isa = PBXBuildFile; fileRef = 655DB0E52BAD93C300F0701E /* LaunchScreen.storyboard */; };
		655DB0EF2BAD956600F0701E /* CategoriesViewController.swift in Sources */ = {isa = PBXBuildFile; fileRef = 655DB0EE2BAD956600F0701E /* CategoriesViewController.swift */; };
		655DB0F22BAD969D00F0701E /* NetworkManager.swift in Sources */ = {isa = PBXBuildFile; fileRef = 655DB0F12BAD969D00F0701E /* NetworkManager.swift */; };
		655DB0F42BAD972700F0701E /* WebService.swift in Sources */ = {isa = PBXBuildFile; fileRef = 655DB0F32BAD972700F0701E /* WebService.swift */; };
		655DB0F82BAD99AA00F0701E /* CategoriesModel.swift in Sources */ = {isa = PBXBuildFile; fileRef = 655DB0F72BAD99AA00F0701E /* CategoriesModel.swift */; };
		655DB0FC2BAD99E000F0701E /* CategoriesCollectionViewCell.swift in Sources */ = {isa = PBXBuildFile; fileRef = 655DB0FB2BAD99E000F0701E /* CategoriesCollectionViewCell.swift */; };
/* End PBXBuildFile section */

/* Begin PBXFileReference section */
		653D71FF2BADD3430056AC59 /* SearchViewController.swift */ = {isa = PBXFileReference; lastKnownFileType = sourcecode.swift; path = SearchViewController.swift; sourceTree = "<group>"; };
		653D72022BAF33300056AC59 /* CategoryResponseModel.swift */ = {isa = PBXFileReference; lastKnownFileType = sourcecode.swift; path = CategoryResponseModel.swift; sourceTree = "<group>"; };
		653D72052BAF33CD0056AC59 /* ListViewModel.swift */ = {isa = PBXFileReference; lastKnownFileType = sourcecode.swift; path = ListViewModel.swift; sourceTree = "<group>"; };
		653D72072BAF33D80056AC59 /* ListViewController.swift */ = {isa = PBXFileReference; lastKnownFileType = sourcecode.swift; path = ListViewController.swift; sourceTree = "<group>"; };
		653D72092BAF399B0056AC59 /* ListTableViewCell.swift */ = {isa = PBXFileReference; lastKnownFileType = sourcecode.swift; path = ListTableViewCell.swift; sourceTree = "<group>"; };
		653D720B2BB172AC0056AC59 /* SearchModel.swift */ = {isa = PBXFileReference; lastKnownFileType = sourcecode.swift; path = SearchModel.swift; sourceTree = "<group>"; };
		653D720D2BB172CC0056AC59 /* SearchViewModel.swift */ = {isa = PBXFileReference; lastKnownFileType = sourcecode.swift; path = SearchViewModel.swift; sourceTree = "<group>"; };
		653D72112BB9FF830056AC59 /* DetailsViewController.swift */ = {isa = PBXFileReference; lastKnownFileType = sourcecode.swift; path = DetailsViewController.swift; sourceTree = "<group>"; };
		653D72132BB9FFA30056AC59 /* DetailsViewModel.swift */ = {isa = PBXFileReference; lastKnownFileType = sourcecode.swift; path = DetailsViewModel.swift; sourceTree = "<group>"; };
		655DB0D72BAD93BF00F0701E /* LocationIQApp.app */ = {isa = PBXFileReference; explicitFileType = wrapper.application; includeInIndex = 0; path = LocationIQApp.app; sourceTree = BUILT_PRODUCTS_DIR; };
		655DB0DA2BAD93BF00F0701E /* AppDelegate.swift */ = {isa = PBXFileReference; lastKnownFileType = sourcecode.swift; path = AppDelegate.swift; sourceTree = "<group>"; };
		655DB0DC2BAD93BF00F0701E /* SceneDelegate.swift */ = {isa = PBXFileReference; lastKnownFileType = sourcecode.swift; path = SceneDelegate.swift; sourceTree = "<group>"; };
		655DB0E32BAD93C300F0701E /* Assets.xcassets */ = {isa = PBXFileReference; lastKnownFileType = folder.assetcatalog; path = Assets.xcassets; sourceTree = "<group>"; };
		655DB0E62BAD93C300F0701E /* Base */ = {isa = PBXFileReference; lastKnownFileType = file.storyboard; name = Base; path = Base.lproj/LaunchScreen.storyboard; sourceTree = "<group>"; };
		655DB0E82BAD93C300F0701E /* Info.plist */ = {isa = PBXFileReference; lastKnownFileType = text.plist.xml; path = Info.plist; sourceTree = "<group>"; };
		655DB0EE2BAD956600F0701E /* CategoriesViewController.swift */ = {isa = PBXFileReference; lastKnownFileType = sourcecode.swift; path = CategoriesViewController.swift; sourceTree = "<group>"; };
		655DB0F12BAD969D00F0701E /* NetworkManager.swift */ = {isa = PBXFileReference; lastKnownFileType = sourcecode.swift; path = NetworkManager.swift; sourceTree = "<group>"; };
		655DB0F32BAD972700F0701E /* WebService.swift */ = {isa = PBXFileReference; lastKnownFileType = sourcecode.swift; path = WebService.swift; sourceTree = "<group>"; };
		655DB0F72BAD99AA00F0701E /* CategoriesModel.swift */ = {isa = PBXFileReference; lastKnownFileType = sourcecode.swift; path = CategoriesModel.swift; sourceTree = "<group>"; };
		655DB0FB2BAD99E000F0701E /* CategoriesCollectionViewCell.swift */ = {isa = PBXFileReference; lastKnownFileType = sourcecode.swift; path = CategoriesCollectionViewCell.swift; sourceTree = "<group>"; };
/* End PBXFileReference section */

/* Begin PBXFrameworksBuildPhase section */
		655DB0D42BAD93BF00F0701E /* Frameworks */ = {
			isa = PBXFrameworksBuildPhase;
			buildActionMask = 2147483647;
			files = (
			);
			runOnlyForDeploymentPostprocessing = 0;
		};
/* End PBXFrameworksBuildPhase section */

/* Begin PBXGroup section */
		653D71FE2BADD31F0056AC59 /* SearchView */ = {
			isa = PBXGroup;
			children = (
				653D71FF2BADD3430056AC59 /* SearchViewController.swift */,
				653D720B2BB172AC0056AC59 /* SearchModel.swift */,
				653D720D2BB172CC0056AC59 /* SearchViewModel.swift */,
			);
			path = SearchView;
			sourceTree = "<group>";
		};
		653D72012BAF33030056AC59 /* List */ = {
			isa = PBXGroup;
			children = (
				653D72022BAF33300056AC59 /* CategoryResponseModel.swift */,
				653D72052BAF33CD0056AC59 /* ListViewModel.swift */,
				653D72072BAF33D80056AC59 /* ListViewController.swift */,
				653D72092BAF399B0056AC59 /* ListTableViewCell.swift */,
			);
			path = List;
			sourceTree = "<group>";
		};
		653D72102BB9FF4A0056AC59 /* DetailsView */ = {
			isa = PBXGroup;
			children = (
				653D72112BB9FF830056AC59 /* DetailsViewController.swift */,
				653D72132BB9FFA30056AC59 /* DetailsViewModel.swift */,
			);
			path = DetailsView;
			sourceTree = "<group>";
		};
		655DB0CE2BAD93BF00F0701E = {
			isa = PBXGroup;
			children = (
				655DB0D92BAD93BF00F0701E /* LocationIQApp */,
				655DB0D82BAD93BF00F0701E /* Products */,
			);
			sourceTree = "<group>";
		};
		655DB0D82BAD93BF00F0701E /* Products */ = {
			isa = PBXGroup;
			children = (
				655DB0D72BAD93BF00F0701E /* LocationIQApp.app */,
			);
			name = Products;
			sourceTree = "<group>";
		};
		655DB0D92BAD93BF00F0701E /* LocationIQApp */ = {
			isa = PBXGroup;
			children = (
				655DB0F52BAD975200F0701E /* Core */,
				655DB0F02BAD967D00F0701E /* Networking */,
				655DB0F62BAD998A00F0701E /* CategoriesView */,
				653D72012BAF33030056AC59 /* List */,
				653D71FE2BADD31F0056AC59 /* SearchView */,
				653D72102BB9FF4A0056AC59 /* DetailsView */,
				655DB0E32BAD93C300F0701E /* Assets.xcassets */,
				655DB0E52BAD93C300F0701E /* LaunchScreen.storyboard */,
				655DB0E82BAD93C300F0701E /* Info.plist */,
			);
			path = LocationIQApp;
			sourceTree = "<group>";
		};
		655DB0F02BAD967D00F0701E /* Networking */ = {
			isa = PBXGroup;
			children = (
				655DB0F12BAD969D00F0701E /* NetworkManager.swift */,
				655DB0F32BAD972700F0701E /* WebService.swift */,
			);
			path = Networking;
			sourceTree = "<group>";
		};
		655DB0F52BAD975200F0701E /* Core */ = {
			isa = PBXGroup;
			children = (
				655DB0DA2BAD93BF00F0701E /* AppDelegate.swift */,
				655DB0DC2BAD93BF00F0701E /* SceneDelegate.swift */,
			);
			path = Core;
			sourceTree = "<group>";
		};
		655DB0F62BAD998A00F0701E /* CategoriesView */ = {
			isa = PBXGroup;
			children = (
				655DB0EE2BAD956600F0701E /* CategoriesViewController.swift */,
				655DB0FB2BAD99E000F0701E /* CategoriesCollectionViewCell.swift */,
				655DB0F72BAD99AA00F0701E /* CategoriesModel.swift */,
			);
			path = CategoriesView;
			sourceTree = "<group>";
		};
/* End PBXGroup section */

/* Begin PBXNativeTarget section */
		655DB0D62BAD93BF00F0701E /* LocationIQApp */ = {
			isa = PBXNativeTarget;
			buildConfigurationList = 655DB0EB2BAD93C300F0701E /* Build configuration list for PBXNativeTarget "LocationIQApp" */;
			buildPhases = (
				655DB0D32BAD93BF00F0701E /* Sources */,
				655DB0D42BAD93BF00F0701E /* Frameworks */,
				655DB0D52BAD93BF00F0701E /* Resources */,
			);
			buildRules = (
			);
			dependencies = (
			);
			name = LocationIQApp;
			productName = LocationIQApp;
			productReference = 655DB0D72BAD93BF00F0701E /* LocationIQApp.app */;
			productType = "com.apple.product-type.application";
		};
/* End PBXNativeTarget section */

/* Begin PBXProject section */
		655DB0CF2BAD93BF00F0701E /* Project object */ = {
			isa = PBXProject;
			attributes = {
				BuildIndependentTargetsInParallel = 1;
				LastSwiftUpdateCheck = 1520;
				LastUpgradeCheck = 1520;
				TargetAttributes = {
					655DB0D62BAD93BF00F0701E = {
						CreatedOnToolsVersion = 15.2;
					};
				};
			};
			buildConfigurationList = 655DB0D22BAD93BF00F0701E /* Build configuration list for PBXProject "LocationIQApp" */;
			compatibilityVersion = "Xcode 14.0";
			developmentRegion = en;
			hasScannedForEncodings = 0;
			knownRegions = (
				en,
				Base,
			);
			mainGroup = 655DB0CE2BAD93BF00F0701E;
			productRefGroup = 655DB0D82BAD93BF00F0701E /* Products */;
			projectDirPath = "";
			projectRoot = "";
			targets = (
				655DB0D62BAD93BF00F0701E /* LocationIQApp */,
			);
		};
/* End PBXProject section */

/* Begin PBXResourcesBuildPhase section */
		655DB0D52BAD93BF00F0701E /* Resources */ = {
			isa = PBXResourcesBuildPhase;
			buildActionMask = 2147483647;
			files = (
				655DB0E72BAD93C300F0701E /* LaunchScreen.storyboard in Resources */,
				655DB0E42BAD93C300F0701E /* Assets.xcassets in Resources */,
			);
			runOnlyForDeploymentPostprocessing = 0;
		};
/* End PBXResourcesBuildPhase section */

/* Begin PBXSourcesBuildPhase section */
		655DB0D32BAD93BF00F0701E /* Sources */ = {
			isa = PBXSourcesBuildPhase;
			buildActionMask = 2147483647;
			files = (
				653D720C2BB172AC0056AC59 /* SearchModel.swift in Sources */,
				653D72062BAF33CD0056AC59 /* ListViewModel.swift in Sources */,
				655DB0F22BAD969D00F0701E /* NetworkManager.swift in Sources */,
				653D72142BB9FFA30056AC59 /* DetailsViewModel.swift in Sources */,
				655DB0DB2BAD93BF00F0701E /* AppDelegate.swift in Sources */,
				653D72002BADD3430056AC59 /* SearchViewController.swift in Sources */,
				653D72032BAF33300056AC59 /* CategoryResponseModel.swift in Sources */,
				653D720A2BAF399B0056AC59 /* ListTableViewCell.swift in Sources */,
				653D72082BAF33D80056AC59 /* ListViewController.swift in Sources */,
				653D720E2BB172CC0056AC59 /* SearchViewModel.swift in Sources */,
				655DB0FC2BAD99E000F0701E /* CategoriesCollectionViewCell.swift in Sources */,
				655DB0EF2BAD956600F0701E /* CategoriesViewController.swift in Sources */,
				655DB0F82BAD99AA00F0701E /* CategoriesModel.swift in Sources */,
				655DB0F42BAD972700F0701E /* WebService.swift in Sources */,
				655DB0DD2BAD93BF00F0701E /* SceneDelegate.swift in Sources */,
				653D72122BB9FF830056AC59 /* DetailsViewController.swift in Sources */,
			);
			runOnlyForDeploymentPostprocessing = 0;
		};
/* End PBXSourcesBuildPhase section */

/* Begin PBXVariantGroup section */
		655DB0E52BAD93C300F0701E /* LaunchScreen.storyboard */ = {
			isa = PBXVariantGroup;
			children = (
				655DB0E62BAD93C300F0701E /* Base */,
			);
			name = LaunchScreen.storyboard;
			sourceTree = "<group>";
		};
/* End PBXVariantGroup section */

/* Begin XCBuildConfiguration section */
		655DB0E92BAD93C300F0701E /* Debug */ = {
			isa = XCBuildConfiguration;
			buildSettings = {
				ALWAYS_SEARCH_USER_PATHS = NO;
				ASSETCATALOG_COMPILER_GENERATE_SWIFT_ASSET_SYMBOL_EXTENSIONS = YES;
				CLANG_ANALYZER_NONNULL = YES;
				CLANG_ANALYZER_NUMBER_OBJECT_CONVERSION = YES_AGGRESSIVE;
				CLANG_CXX_LANGUAGE_STANDARD = "gnu++20";
				CLANG_ENABLE_MODULES = YES;
				CLANG_ENABLE_OBJC_ARC = YES;
				CLANG_ENABLE_OBJC_WEAK = YES;
				CLANG_WARN_BLOCK_CAPTURE_AUTORELEASING = YES;
				CLANG_WARN_BOOL_CONVERSION = YES;
				CLANG_WARN_COMMA = YES;
				CLANG_WARN_CONSTANT_CONVERSION = YES;
				CLANG_WARN_DEPRECATED_OBJC_IMPLEMENTATIONS = YES;
				CLANG_WARN_DIRECT_OBJC_ISA_USAGE = YES_ERROR;
				CLANG_WARN_DOCUMENTATION_COMMENTS = YES;
				CLANG_WARN_EMPTY_BODY = YES;
				CLANG_WARN_ENUM_CONVERSION = YES;
				CLANG_WARN_INFINITE_RECURSION = YES;
				CLANG_WARN_INT_CONVERSION = YES;
				CLANG_WARN_NON_LITERAL_NULL_CONVERSION = YES;
				CLANG_WARN_OBJC_IMPLICIT_RETAIN_SELF = YES;
				CLANG_WARN_OBJC_LITERAL_CONVERSION = YES;
				CLANG_WARN_OBJC_ROOT_CLASS = YES_ERROR;
				CLANG_WARN_QUOTED_INCLUDE_IN_FRAMEWORK_HEADER = YES;
				CLANG_WARN_RANGE_LOOP_ANALYSIS = YES;
				CLANG_WARN_STRICT_PROTOTYPES = YES;
				CLANG_WARN_SUSPICIOUS_MOVE = YES;
				CLANG_WARN_UNGUARDED_AVAILABILITY = YES_AGGRESSIVE;
				CLANG_WARN_UNREACHABLE_CODE = YES;
				CLANG_WARN__DUPLICATE_METHOD_MATCH = YES;
				COPY_PHASE_STRIP = NO;
				DEBUG_INFORMATION_FORMAT = dwarf;
				ENABLE_STRICT_OBJC_MSGSEND = YES;
				ENABLE_TESTABILITY = YES;
				ENABLE_USER_SCRIPT_SANDBOXING = YES;
				GCC_C_LANGUAGE_STANDARD = gnu17;
				GCC_DYNAMIC_NO_PIC = NO;
				GCC_NO_COMMON_BLOCKS = YES;
				GCC_OPTIMIZATION_LEVEL = 0;
				GCC_PREPROCESSOR_DEFINITIONS = (
					"DEBUG=1",
					"$(inherited)",
				);
				GCC_WARN_64_TO_32_BIT_CONVERSION = YES;
				GCC_WARN_ABOUT_RETURN_TYPE = YES_ERROR;
				GCC_WARN_UNDECLARED_SELECTOR = YES;
				GCC_WARN_UNINITIALIZED_AUTOS = YES_AGGRESSIVE;
				GCC_WARN_UNUSED_FUNCTION = YES;
				GCC_WARN_UNUSED_VARIABLE = YES;
				IPHONEOS_DEPLOYMENT_TARGET = 17.2;
				LOCALIZATION_PREFERS_STRING_CATALOGS = YES;
				MTL_ENABLE_DEBUG_INFO = INCLUDE_SOURCE;
				MTL_FAST_MATH = YES;
				ONLY_ACTIVE_ARCH = YES;
				SDKROOT = iphoneos;
				SWIFT_ACTIVE_COMPILATION_CONDITIONS = "DEBUG $(inherited)";
				SWIFT_OPTIMIZATION_LEVEL = "-Onone";
			};
			name = Debug;
		};
		655DB0EA2BAD93C300F0701E /* Release */ = {
			isa = XCBuildConfiguration;
			buildSettings = {
				ALWAYS_SEARCH_USER_PATHS = NO;
				ASSETCATALOG_COMPILER_GENERATE_SWIFT_ASSET_SYMBOL_EXTENSIONS = YES;
				CLANG_ANALYZER_NONNULL = YES;
				CLANG_ANALYZER_NUMBER_OBJECT_CONVERSION = YES_AGGRESSIVE;
				CLANG_CXX_LANGUAGE_STANDARD = "gnu++20";
				CLANG_ENABLE_MODULES = YES;
				CLANG_ENABLE_OBJC_ARC = YES;
				CLANG_ENABLE_OBJC_WEAK = YES;
				CLANG_WARN_BLOCK_CAPTURE_AUTORELEASING = YES;
				CLANG_WARN_BOOL_CONVERSION = YES;
				CLANG_WARN_COMMA = YES;
				CLANG_WARN_CONSTANT_CONVERSION = YES;
				CLANG_WARN_DEPRECATED_OBJC_IMPLEMENTATIONS = YES;
				CLANG_WARN_DIRECT_OBJC_ISA_USAGE = YES_ERROR;
				CLANG_WARN_DOCUMENTATION_COMMENTS = YES;
				CLANG_WARN_EMPTY_BODY = YES;
				CLANG_WARN_ENUM_CONVERSION = YES;
				CLANG_WARN_INFINITE_RECURSION = YES;
				CLANG_WARN_INT_CONVERSION = YES;
				CLANG_WARN_NON_LITERAL_NULL_CONVERSION = YES;
				CLANG_WARN_OBJC_IMPLICIT_RETAIN_SELF = YES;
				CLANG_WARN_OBJC_LITERAL_CONVERSION = YES;
				CLANG_WARN_OBJC_ROOT_CLASS = YES_ERROR;
				CLANG_WARN_QUOTED_INCLUDE_IN_FRAMEWORK_HEADER = YES;
				CLANG_WARN_RANGE_LOOP_ANALYSIS = YES;
				CLANG_WARN_STRICT_PROTOTYPES = YES;
				CLANG_WARN_SUSPICIOUS_MOVE = YES;
				CLANG_WARN_UNGUARDED_AVAILABILITY = YES_AGGRESSIVE;
				CLANG_WARN_UNREACHABLE_CODE = YES;
				CLANG_WARN__DUPLICATE_METHOD_MATCH = YES;
				COPY_PHASE_STRIP = NO;
				DEBUG_INFORMATION_FORMAT = "dwarf-with-dsym";
				ENABLE_NS_ASSERTIONS = NO;
				ENABLE_STRICT_OBJC_MSGSEND = YES;
				ENABLE_USER_SCRIPT_SANDBOXING = YES;
				GCC_C_LANGUAGE_STANDARD = gnu17;
				GCC_NO_COMMON_BLOCKS = YES;
				GCC_WARN_64_TO_32_BIT_CONVERSION = YES;
				GCC_WARN_ABOUT_RETURN_TYPE = YES_ERROR;
				GCC_WARN_UNDECLARED_SELECTOR = YES;
				GCC_WARN_UNINITIALIZED_AUTOS = YES_AGGRESSIVE;
				GCC_WARN_UNUSED_FUNCTION = YES;
				GCC_WARN_UNUSED_VARIABLE = YES;
				IPHONEOS_DEPLOYMENT_TARGET = 17.2;
				LOCALIZATION_PREFERS_STRING_CATALOGS = YES;
				MTL_ENABLE_DEBUG_INFO = NO;
				MTL_FAST_MATH = YES;
				SDKROOT = iphoneos;
				SWIFT_COMPILATION_MODE = wholemodule;
				VALIDATE_PRODUCT = YES;
			};
			name = Release;
		};
		655DB0EC2BAD93C300F0701E /* Debug */ = {
			isa = XCBuildConfiguration;
			buildSettings = {
				ASSETCATALOG_COMPILER_APPICON_NAME = AppIcon;
				ASSETCATALOG_COMPILER_GLOBAL_ACCENT_COLOR_NAME = AccentColor;
				CODE_SIGN_STYLE = Automatic;
				CURRENT_PROJECT_VERSION = 1;
				GENERATE_INFOPLIST_FILE = YES;
				INFOPLIST_FILE = LocationIQApp/Info.plist;
				INFOPLIST_KEY_UIApplicationSupportsIndirectInputEvents = YES;
				INFOPLIST_KEY_UILaunchStoryboardName = LaunchScreen;
				INFOPLIST_KEY_UISupportedInterfaceOrientations_iPad = "UIInterfaceOrientationPortrait UIInterfaceOrientationPortraitUpsideDown UIInterfaceOrientationLandscapeLeft UIInterfaceOrientationLandscapeRight";
				INFOPLIST_KEY_UISupportedInterfaceOrientations_iPhone = "UIInterfaceOrientationPortrait UIInterfaceOrientationLandscapeLeft UIInterfaceOrientationLandscapeRight";
				IPHONEOS_DEPLOYMENT_TARGET = 16.0;
				LD_RUNPATH_SEARCH_PATHS = (
					"$(inherited)",
					"@executable_path/Frameworks",
				);
				MARKETING_VERSION = 1.0;
				PRODUCT_BUNDLE_IDENTIFIER = milastr.LocationIQApp;
				PRODUCT_NAME = "$(TARGET_NAME)";
				SUPPORTED_PLATFORMS = "iphoneos iphonesimulator";
				SUPPORTS_MACCATALYST = NO;
				SUPPORTS_MAC_DESIGNED_FOR_IPHONE_IPAD = NO;
				SUPPORTS_XR_DESIGNED_FOR_IPHONE_IPAD = NO;
				SWIFT_EMIT_LOC_STRINGS = YES;
				SWIFT_VERSION = 5.0;
				TARGETED_DEVICE_FAMILY = "1,2";
			};
			name = Debug;
		};
		655DB0ED2BAD93C300F0701E /* Release */ = {
			isa = XCBuildConfiguration;
			buildSettings = {
				ASSETCATALOG_COMPILER_APPICON_NAME = AppIcon;
				ASSETCATALOG_COMPILER_GLOBAL_ACCENT_COLOR_NAME = AccentColor;
				CODE_SIGN_STYLE = Automatic;
				CURRENT_PROJECT_VERSION = 1;
				GENERATE_INFOPLIST_FILE = YES;
				INFOPLIST_FILE = LocationIQApp/Info.plist;
				INFOPLIST_KEY_UIApplicationSupportsIndirectInputEvents = YES;
				INFOPLIST_KEY_UILaunchStoryboardName = LaunchScreen;
				INFOPLIST_KEY_UISupportedInterfaceOrientations_iPad = "UIInterfaceOrientationPortrait UIInterfaceOrientationPortraitUpsideDown UIInterfaceOrientationLandscapeLeft UIInterfaceOrientationLandscapeRight";
				INFOPLIST_KEY_UISupportedInterfaceOrientations_iPhone = "UIInterfaceOrientationPortrait UIInterfaceOrientationLandscapeLeft UIInterfaceOrientationLandscapeRight";
				IPHONEOS_DEPLOYMENT_TARGET = 16.0;
				LD_RUNPATH_SEARCH_PATHS = (
					"$(inherited)",
					"@executable_path/Frameworks",
				);
				MARKETING_VERSION = 1.0;
				PRODUCT_BUNDLE_IDENTIFIER = milastr.LocationIQApp;
				PRODUCT_NAME = "$(TARGET_NAME)";
				SUPPORTED_PLATFORMS = "iphoneos iphonesimulator";
				SUPPORTS_MACCATALYST = NO;
				SUPPORTS_MAC_DESIGNED_FOR_IPHONE_IPAD = NO;
				SUPPORTS_XR_DESIGNED_FOR_IPHONE_IPAD = NO;
				SWIFT_EMIT_LOC_STRINGS = YES;
				SWIFT_VERSION = 5.0;
				TARGETED_DEVICE_FAMILY = "1,2";
			};
			name = Release;
		};
/* End XCBuildConfiguration section */

/* Begin XCConfigurationList section */
		655DB0D22BAD93BF00F0701E /* Build configuration list for PBXProject "LocationIQApp" */ = {
			isa = XCConfigurationList;
			buildConfigurations = (
				655DB0E92BAD93C300F0701E /* Debug */,
				655DB0EA2BAD93C300F0701E /* Release */,
			);
			defaultConfigurationIsVisible = 0;
			defaultConfigurationName = Release;
		};
		655DB0EB2BAD93C300F0701E /* Build configuration list for PBXNativeTarget "LocationIQApp" */ = {
			isa = XCConfigurationList;
			buildConfigurations = (
				655DB0EC2BAD93C300F0701E /* Debug */,
				655DB0ED2BAD93C300F0701E /* Release */,
			);
			defaultConfigurationIsVisible = 0;
			defaultConfigurationName = Release;
		};
/* End XCConfigurationList section */
	};
	rootObject = 655DB0CF2BAD93BF00F0701E /* Project object */;
}
